
Microsoft Visual Studio Solution File, Format Version 12.00
# Visual Studio Version 17
VisualStudioVersion = 17.0.31903.59
MinimumVisualStudioVersion = 10.0.40219.1
Project("{FAE04EC0-301F-11D3-BF4B-00C04F79EFBC}") = "PantryTracker.Web", "PantryTracker.Web\PantryTracker.Web.csproj", "{D8743189-C1F0-43BC-AD66-26A096E2F131}"
EndProject
Project("{FAE04EC0-301F-11D3-BF4B-00C04F79EFBC}") = "PantryTracker.Core", "PantryTracker.Core\PantryTracker.Core.csproj", "{E9C45543-EE3F-41B0-AD26-8B54DB37AD77}"
EndProject
Project("{FAE04EC0-301F-11D3-BF4B-00C04F79EFBC}") = "PantryTracker.Infrastructure", "PantryTracker.Infrastructure\PantryTracker.Infrastructure.csproj", "{6F99BBF8-5063-4572-BB86-0E4379CDBCE5}"
EndProject
Project("{FAE04EC0-301F-11D3-BF4B-00C04F79EFBC}") = "PantryTracker.WebAuth", "PantryTracker.WebAuth\PantryTracker.WebAuth.csproj", "{14B0DC93-2EB6-4B0A-871B-3A8060DFAEC0}"
EndProject
Project("{2150E333-8FDC-42A3-9474-1A3956D46DE8}") = "Solution Items", "Solution Items", "{F11DF509-A8BA-435D-B235-44DA5939E1A5}"
	ProjectSection(SolutionItems) = preProject
		compose.yaml = compose.yaml
	EndProjectSection
EndProject
Global
	GlobalSection(SolutionConfigurationPlatforms) = preSolution
		Debug|Any CPU = Debug|Any CPU
		Release|Any CPU = Release|Any CPU
	EndGlobalSection
	GlobalSection(SolutionProperties) = preSolution
		HideSolutionNode = FALSE
	EndGlobalSection
	GlobalSection(ProjectConfigurationPlatforms) = postSolution
		{D8743189-C1F0-43BC-AD66-26A096E2F131}.Debug|Any CPU.ActiveCfg = Debug|Any CPU
		{D8743189-C1F0-43BC-AD66-26A096E2F131}.Debug|Any CPU.Build.0 = Debug|Any CPU
		{D8743189-C1F0-43BC-AD66-26A096E2F131}.Release|Any CPU.ActiveCfg = Release|Any CPU
		{D8743189-C1F0-43BC-AD66-26A096E2F131}.Release|Any CPU.Build.0 = Release|Any CPU
		{E9C45543-EE3F-41B0-AD26-8B54DB37AD77}.Debug|Any CPU.ActiveCfg = Debug|Any CPU
		{E9C45543-EE3F-41B0-AD26-8B54DB37AD77}.Debug|Any CPU.Build.0 = Debug|Any CPU
		{E9C45543-EE3F-41B0-AD26-8B54DB37AD77}.Release|Any CPU.ActiveCfg = Release|Any CPU
		{E9C45543-EE3F-41B0-AD26-8B54DB37AD77}.Release|Any CPU.Build.0 = Release|Any CPU
		{6F99BBF8-5063-4572-BB86-0E4379CDBCE5}.Debug|Any CPU.ActiveCfg = Debug|Any CPU
		{6F99BBF8-5063-4572-BB86-0E4379CDBCE5}.Debug|Any CPU.Build.0 = Debug|Any CPU
		{6F99BBF8-5063-4572-BB86-0E4379CDBCE5}.Release|Any CPU.ActiveCfg = Release|Any CPU
		{6F99BBF8-5063-4572-BB86-0E4379CDBCE5}.Release|Any CPU.Build.0 = Release|Any CPU
		{14B0DC93-2EB6-4B0A-871B-3A8060DFAEC0}.Debug|Any CPU.ActiveCfg = Debug|Any CPU
		{14B0DC93-2EB6-4B0A-871B-3A8060DFAEC0}.Debug|Any CPU.Build.0 = Debug|Any CPU
		{14B0DC93-2EB6-4B0A-871B-3A8060DFAEC0}.Release|Any CPU.ActiveCfg = Release|Any CPU
		{14B0DC93-2EB6-4B0A-871B-3A8060DFAEC0}.Release|Any CPU.Build.0 = Release|Any CPU
	EndGlobalSection
EndGlobal
